PODS:
  - FBSnapshotTestCase (2.1.4):
    - FBSnapshotTestCase/SwiftSupport (= 2.1.4)
  - FBSnapshotTestCase/Core (2.1.4)
  - FBSnapshotTestCase/SwiftSupport (2.1.4):
    - FBSnapshotTestCase/Core
  - YLSegmentController (0.1.6)

DEPENDENCIES:
  - FBSnapshotTestCase (~> 2.1.4)
  - YLSegmentController (from `../`)

SPEC REPOS:
  https://github.com/cocoapods/specs.git:
    - FBSnapshotTestCase

EXTERNAL SOURCES:
  YLSegmentController:
    :path: "../"

SPEC CHECKSUMS:
  FBSnapshotTestCase: 094f9f314decbabe373b87cc339bea235a63e07a
  YLSegmentController: cf270137173f939a2d767ab2c6d099c6aacf5fea

PODFILE CHECKSUM: e0ddcedfc096a0d7b670dd51ecf85ded93876435

COCOAPODS: 1.6.0.beta.2
